
Microsoft Visual Studio Solution File, Format Version 12.00
# Visual Studio Version 16
VisualStudioVersion = 16.0.30309.148
MinimumVisualStudioVersion = 10.0.40219.1
Project("{FAE04EC0-301F-11D3-BF4B-00C04F79EFBC}") = "CBSProject", "CBSProject\CBSProject.csproj", "{D9240280-1541-4FF2-BC38-9D0E8A6FF4B1}"
EndProject
Global
	GlobalSection(SolutionConfigurationPlatforms) = preSolution
		Debug|Any CPU = Debug|Any CPU
		Release|Any CPU = Release|Any CPU
	EndGlobalSection
	GlobalSection(ProjectConfigurationPlatforms) = postSolution
		{D9240280-1541-4FF2-BC38-9D0E8A6FF4B1}.Debug|Any CPU.ActiveCfg = Debug|Any CPU
		{D9240280-1541-4FF2-BC38-9D0E8A6FF4B1}.Debug|Any CPU.Build.0 = Debug|Any CPU
		{D9240280-1541-4FF2-BC38-9D0E8A6FF4B1}.Release|Any CPU.ActiveCfg = Release|Any CPU
		{D9240280-1541-4FF2-BC38-9D0E8A6FF4B1}.Release|Any CPU.Build.0 = Release|Any CPU
	EndGlobalSection
	GlobalSection(SolutionProperties) = preSolution
		HideSolutionNode = FALSE
	EndGlobalSection
	GlobalSection(ExtensibilityGlobals) = postSolution
		SolutionGuid = {50C15133-7CFD-48DE-95DA-C2079EAAB1A9}
	EndGlobalSection
EndGlobal
